PODS:
  - BaiduMapKit (3.0.0)
  - BugHD (1.3.3)
  - UMengSocialCOM (5.2.1)

DEPENDENCIES:
  - BaiduMapKit
  - BugHD (~> 1.3.3)
  - UMengSocialCOM (~> 5.2.1)

SPEC CHECKSUMS:
  BaiduMapKit: de2a726d5296d6b2dc0e974b683af73153608dcd
  BugHD: 372cc88e51e150610436e2bf46666efaeb684718
  UMengSocialCOM: 074c135ce349aa4c8848d3fb8458757bcb6ffb67

PODFILE CHECKSUM: 12d236a41d81e0027f23a9608fc45a4441f71228

COCOAPODS: 1.0.1
